// !$*UTF8*$!
{
	archiveVersion = 1;
	classes = {
	};
	objectVersion = 50;
	objects = {

/* Begin PBXBuildFile section */
		312C8D8F25E6F40400C5D4E8 /* XaalisWecceViewModel.swift in Sources */ = {isa = PBXBuildFile; fileRef = 312C8D8E25E6F40400C5D4E8 /* XaalisWecceViewModel.swift */; };
		31508B0D25E44A77007F4CC0 /* Tests_iOS.swift in Sources */ = {isa = PBXBuildFile; fileRef = 31508B0C25E44A77007F4CC0 /* Tests_iOS.swift */; };
		31508B1825E44A77007F4CC0 /* Tests_macOS.swift in Sources */ = {isa = PBXBuildFile; fileRef = 31508B1725E44A77007F4CC0 /* Tests_macOS.swift */; };
		31508B1A25E44A77007F4CC0 /* xaalis_wecceApp.swift in Sources */ = {isa = PBXBuildFile; fileRef = 31508AF125E44A74007F4CC0 /* xaalis_wecceApp.swift */; };
		31508B1B25E44A77007F4CC0 /* xaalis_wecceApp.swift in Sources */ = {isa = PBXBuildFile; fileRef = 31508AF125E44A74007F4CC0 /* xaalis_wecceApp.swift */; };
		31508B1C25E44A77007F4CC0 /* ContentView.swift in Sources */ = {isa = PBXBuildFile; fileRef = 31508AF225E44A74007F4CC0 /* ContentView.swift */; };
		31508B1D25E44A77007F4CC0 /* ContentView.swift in Sources */ = {isa = PBXBuildFile; fileRef = 31508AF225E44A74007F4CC0 /* ContentView.swift */; };
		31508B1E25E44A77007F4CC0 /* Assets.xcassets in Resources */ = {isa = PBXBuildFile; fileRef = 31508AF325E44A77007F4CC0 /* Assets.xcassets */; };
		31508B1F25E44A77007F4CC0 /* Assets.xcassets in Resources */ = {isa = PBXBuildFile; fileRef = 31508AF325E44A77007F4CC0 /* Assets.xcassets */; };
		31508B3825E44E2D007F4CC0 /* KeyPadButton.swift in Sources */ = {isa = PBXBuildFile; fileRef = 31508B3725E44E2D007F4CC0 /* KeyPadButton.swift */; };
		31508B3925E44E2D007F4CC0 /* KeyPadButton.swift in Sources */ = {isa = PBXBuildFile; fileRef = 31508B3725E44E2D007F4CC0 /* KeyPadButton.swift */; };
		31508B4025E4541A007F4CC0 /* Extension.swift in Sources */ = {isa = PBXBuildFile; fileRef = 31508B3F25E4541A007F4CC0 /* Extension.swift */; };
		31508B4125E4541A007F4CC0 /* Extension.swift in Sources */ = {isa = PBXBuildFile; fileRef = 31508B3F25E4541A007F4CC0 /* Extension.swift */; };
		31508B4725E46380007F4CC0 /* KeyPadRow.swift in Sources */ = {isa = PBXBuildFile; fileRef = 31508B4625E46380007F4CC0 /* KeyPadRow.swift */; };
		31508B4825E46380007F4CC0 /* KeyPadRow.swift in Sources */ = {isa = PBXBuildFile; fileRef = 31508B4625E46380007F4CC0 /* KeyPadRow.swift */; };
		31508B4E25E465FE007F4CC0 /* KeyPad.swift in Sources */ = {isa = PBXBuildFile; fileRef = 31508B4D25E465FE007F4CC0 /* KeyPad.swift */; };
		31508B4F25E465FE007F4CC0 /* KeyPad.swift in Sources */ = {isa = PBXBuildFile; fileRef = 31508B4D25E465FE007F4CC0 /* KeyPad.swift */; };
		3173607E26909DB800EB4E55 /* LoadingState.swift in Sources */ = {isa = PBXBuildFile; fileRef = 3173607D26909DB800EB4E55 /* LoadingState.swift */; };
		3173607F26909DB800EB4E55 /* LoadingState.swift in Sources */ = {isa = PBXBuildFile; fileRef = 3173607D26909DB800EB4E55 /* LoadingState.swift */; };
		318DE0BC26807C71003EEFF7 /* CurrencybuttonChartView.swift in Sources */ = {isa = PBXBuildFile; fileRef = 318DE0BB26807C71003EEFF7 /* CurrencybuttonChartView.swift */; };
		318DE0BD26807C71003EEFF7 /* CurrencybuttonChartView.swift in Sources */ = {isa = PBXBuildFile; fileRef = 318DE0BB26807C71003EEFF7 /* CurrencybuttonChartView.swift */; };
		319A6B092681029200EAD5BC /* CurrencyListView.swift in Sources */ = {isa = PBXBuildFile; fileRef = 319A6B082681029200EAD5BC /* CurrencyListView.swift */; };
		319A6B0A2681029200EAD5BC /* CurrencyListView.swift in Sources */ = {isa = PBXBuildFile; fileRef = 319A6B082681029200EAD5BC /* CurrencyListView.swift */; };
		319A6B0C2681071B00EAD5BC /* CurrencyListViewModel.swift in Sources */ = {isa = PBXBuildFile; fileRef = 319A6B0B2681071B00EAD5BC /* CurrencyListViewModel.swift */; };
		319A6B0D2681071B00EAD5BC /* CurrencyListViewModel.swift in Sources */ = {isa = PBXBuildFile; fileRef = 319A6B0B2681071B00EAD5BC /* CurrencyListViewModel.swift */; };
		319A6B0F2681073800EAD5BC /* Symbol.swift in Sources */ = {isa = PBXBuildFile; fileRef = 319A6B0E2681073700EAD5BC /* Symbol.swift */; };
		319A6B102681073800EAD5BC /* Symbol.swift in Sources */ = {isa = PBXBuildFile; fileRef = 319A6B0E2681073700EAD5BC /* Symbol.swift */; };
		31ABF68D268CC02000059AD1 /* Request.swift in Sources */ = {isa = PBXBuildFile; fileRef = 31ABF68C268CC02000059AD1 /* Request.swift */; };
		31ABF68F268CC04A00059AD1 /* NetworkDispatcher.swift in Sources */ = {isa = PBXBuildFile; fileRef = 31ABF68E268CC04A00059AD1 /* NetworkDispatcher.swift */; };
		31ABF691268CC07E00059AD1 /* ApiClient.swift in Sources */ = {isa = PBXBuildFile; fileRef = 31ABF690268CC07E00059AD1 /* ApiClient.swift */; };
		31ABF695268CC17E00059AD1 /* CurrencyRequest.swift in Sources */ = {isa = PBXBuildFile; fileRef = 31ABF694268CC17E00059AD1 /* CurrencyRequest.swift */; };
		31ABF697268CC36600059AD1 /* Constant.swift in Sources */ = {isa = PBXBuildFile; fileRef = 31ABF696268CC36600059AD1 /* Constant.swift */; };
		31ABF69A268CC5A200059AD1 /* CurrencyRemoteDataSource.swift in Sources */ = {isa = PBXBuildFile; fileRef = 31ABF699268CC5A200059AD1 /* CurrencyRemoteDataSource.swift */; };
		31ABF69C268CC5E400059AD1 /* CurrencyEndpoint.swift in Sources */ = {isa = PBXBuildFile; fileRef = 31ABF69B268CC5E400059AD1 /* CurrencyEndpoint.swift */; };
		31ABF6A6268CD2D300059AD1 /* XaalissCurrencyConverterView.swift in Sources */ = {isa = PBXBuildFile; fileRef = 31ABF6A5268CD2D300059AD1 /* XaalissCurrencyConverterView.swift */; };
		31ABF6A9268CD45000059AD1 /* Xaaliss.xcdatamodeld in Sources */ = {isa = PBXBuildFile; fileRef = 31ABF6A7268CD45000059AD1 /* Xaaliss.xcdatamodeld */; };
		31ABF6AA268CD45000059AD1 /* Xaaliss.xcdatamodeld in Sources */ = {isa = PBXBuildFile; fileRef = 31ABF6A7268CD45000059AD1 /* Xaaliss.xcdatamodeld */; };
		31ABF6AC268CD47800059AD1 /* PersistenceController.swift in Sources */ = {isa = PBXBuildFile; fileRef = 31ABF6AB268CD47800059AD1 /* PersistenceController.swift */; };
		31ABF6AD268CD47800059AD1 /* PersistenceController.swift in Sources */ = {isa = PBXBuildFile; fileRef = 31ABF6AB268CD47800059AD1 /* PersistenceController.swift */; };
		31ABF6AF268CD49B00059AD1 /* DBHelper.swift in Sources */ = {isa = PBXBuildFile; fileRef = 31ABF6AE268CD49B00059AD1 /* DBHelper.swift */; };
		31ABF6B0268CD49B00059AD1 /* DBHelper.swift in Sources */ = {isa = PBXBuildFile; fileRef = 31ABF6AE268CD49B00059AD1 /* DBHelper.swift */; };
		31ABF6B2268CD4BA00059AD1 /* CoreDataHelper.swift in Sources */ = {isa = PBXBuildFile; fileRef = 31ABF6B1268CD4BA00059AD1 /* CoreDataHelper.swift */; };
		31ABF6B3268CD4BA00059AD1 /* CoreDataHelper.swift in Sources */ = {isa = PBXBuildFile; fileRef = 31ABF6B1268CD4BA00059AD1 /* CoreDataHelper.swift */; };
		31ABF6BF268D102700059AD1 /* CountryRequest.swift in Sources */ = {isa = PBXBuildFile; fileRef = 31ABF6BE268D102700059AD1 /* CountryRequest.swift */; };
		31ABF6C0268D102700059AD1 /* CountryRequest.swift in Sources */ = {isa = PBXBuildFile; fileRef = 31ABF6BE268D102700059AD1 /* CountryRequest.swift */; };
		31ABF6C2268D106100059AD1 /* CountryEndpoint.swift in Sources */ = {isa = PBXBuildFile; fileRef = 31ABF6C1268D106100059AD1 /* CountryEndpoint.swift */; };
		31ABF6C3268D106100059AD1 /* CountryEndpoint.swift in Sources */ = {isa = PBXBuildFile; fileRef = 31ABF6C1268D106100059AD1 /* CountryEndpoint.swift */; };
		31ABF6C6268D10E900059AD1 /* CurrencyListRemoteDataSource.swift in Sources */ = {isa = PBXBuildFile; fileRef = 31ABF6C5268D10E900059AD1 /* CurrencyListRemoteDataSource.swift */; };
		31ABF6C7268D10E900059AD1 /* CurrencyListRemoteDataSource.swift in Sources */ = {isa = PBXBuildFile; fileRef = 31ABF6C5268D10E900059AD1 /* CurrencyListRemoteDataSource.swift */; };
		31D1DA8125EECC7000B484CB /* XaalisWecceViewModel.swift in Sources */ = {isa = PBXBuildFile; fileRef = 312C8D8E25E6F40400C5D4E8 /* XaalisWecceViewModel.swift */; };
		31D1DA8625EECC7400B484CB /* CurrencyButtonView.swift in Sources */ = {isa = PBXBuildFile; fileRef = 31F1970225E6F92A005A15EB /* CurrencyButtonView.swift */; };
		31E0AD03268DF24400168256 /* CurrencyLocalDataSource.swift in Sources */ = {isa = PBXBuildFile; fileRef = 31E0AD02268DF24400168256 /* CurrencyLocalDataSource.swift */; };
		31E0AD08268E59AD00168256 /* OnboardingView.swift in Sources */ = {isa = PBXBuildFile; fileRef = 31E0AD07268E59AC00168256 /* OnboardingView.swift */; };
		31E0AD09268E59AD00168256 /* OnboardingView.swift in Sources */ = {isa = PBXBuildFile; fileRef = 31E0AD07268E59AC00168256 /* OnboardingView.swift */; };
		31E0AD0B268E5A6400168256 /* OnboardingLaunchView.swift in Sources */ = {isa = PBXBuildFile; fileRef = 31E0AD0A268E5A6400168256 /* OnboardingLaunchView.swift */; };
		31E0AD0C268E5A6400168256 /* OnboardingLaunchView.swift in Sources */ = {isa = PBXBuildFile; fileRef = 31E0AD0A268E5A6400168256 /* OnboardingLaunchView.swift */; };
		31E834D925E5BBC2007B3BCF /* Currency.swift in Sources */ = {isa = PBXBuildFile; fileRef = 31E834D825E5BBC2007B3BCF /* Currency.swift */; };
		31E834DA25E5BBC2007B3BCF /* Currency.swift in Sources */ = {isa = PBXBuildFile; fileRef = 31E834D825E5BBC2007B3BCF /* Currency.swift */; };
		31ED3F9C2683ADF000738DBE /* CurrencyRow.swift in Sources */ = {isa = PBXBuildFile; fileRef = 31ED3F9B2683ADF000738DBE /* CurrencyRow.swift */; };
		31ED3F9D2683ADF000738DBE /* CurrencyRow.swift in Sources */ = {isa = PBXBuildFile; fileRef = 31ED3F9B2683ADF000738DBE /* CurrencyRow.swift */; };
		31ED3F9F2683B2CB00738DBE /* Country.swift in Sources */ = {isa = PBXBuildFile; fileRef = 31ED3F9E2683B2CB00738DBE /* Country.swift */; };
		31ED3FA02683B2CB00738DBE /* Country.swift in Sources */ = {isa = PBXBuildFile; fileRef = 31ED3F9E2683B2CB00738DBE /* Country.swift */; };
		31F1970325E6F92A005A15EB /* CurrencyButtonView.swift in Sources */ = {isa = PBXBuildFile; fileRef = 31F1970225E6F92A005A15EB /* CurrencyButtonView.swift */; };
/* End PBXBuildFile section */

/* Begin PBXContainerItemProxy section */
		31508B0925E44A77007F4CC0 /* PBXContainerItemProxy */ = {
			isa = PBXContainerItemProxy;
			containerPortal = 31508AEC25E44A74007F4CC0 /* Project object */;
			proxyType = 1;
			remoteGlobalIDString = 31508AF725E44A77007F4CC0;
			remoteInfo = "xaalis-wecce (iOS)";
		};
		31508B1425E44A77007F4CC0 /* PBXContainerItemProxy */ = {
			isa = PBXContainerItemProxy;
			containerPortal = 31508AEC25E44A74007F4CC0 /* Project object */;
			proxyType = 1;
			remoteGlobalIDString = 31508AFF25E44A77007F4CC0;
			remoteInfo = "xaalis-wecce (macOS)";
		};
/* End PBXContainerItemProxy section */

/* Begin PBXFileReference section */
		312C8D8E25E6F40400C5D4E8 /* XaalisWecceViewModel.swift */ = {isa = PBXFileReference; lastKnownFileType = sourcecode.swift; path = XaalisWecceViewModel.swift; sourceTree = "<group>"; };
		31508AF125E44A74007F4CC0 /* xaalis_wecceApp.swift */ = {isa = PBXFileReference; lastKnownFileType = sourcecode.swift; path = xaalis_wecceApp.swift; sourceTree = "<group>"; };
		31508AF225E44A74007F4CC0 /* ContentView.swift */ = {isa = PBXFileReference; lastKnownFileType = sourcecode.swift; path = ContentView.swift; sourceTree = "<group>"; };
		31508AF325E44A77007F4CC0 /* Assets.xcassets */ = {isa = PBXFileReference; lastKnownFileType = folder.assetcatalog; path = Assets.xcassets; sourceTree = "<group>"; };
		31508AF825E44A77007F4CC0 /* xaalis-wecce.app */ = {isa = PBXFileReference; explicitFileType = wrapper.application; includeInIndex = 0; path = "xaalis-wecce.app"; sourceTree = BUILT_PRODUCTS_DIR; };
		31508AFB25E44A77007F4CC0 /* Info.plist */ = {isa = PBXFileReference; lastKnownFileType = text.plist.xml; path = Info.plist; sourceTree = "<group>"; };
		31508B0025E44A77007F4CC0 /* xaalis-wecce.app */ = {isa = PBXFileReference; explicitFileType = wrapper.application; includeInIndex = 0; path = "xaalis-wecce.app"; sourceTree = BUILT_PRODUCTS_DIR; };
		31508B0225E44A77007F4CC0 /* Info.plist */ = {isa = PBXFileReference; lastKnownFileType = text.plist.xml; path = Info.plist; sourceTree = "<group>"; };
		31508B0325E44A77007F4CC0 /* macOS.entitlements */ = {isa = PBXFileReference; lastKnownFileType = text.plist.entitlements; path = macOS.entitlements; sourceTree = "<group>"; };
		31508B0825E44A77007F4CC0 /* Tests iOS.xctest */ = {isa = PBXFileReference; explicitFileType = wrapper.cfbundle; includeInIndex = 0; path = "Tests iOS.xctest"; sourceTree = BUILT_PRODUCTS_DIR; };
		31508B0C25E44A77007F4CC0 /* Tests_iOS.swift */ = {isa = PBXFileReference; lastKnownFileType = sourcecode.swift; path = Tests_iOS.swift; sourceTree = "<group>"; };
		31508B0E25E44A77007F4CC0 /* Info.plist */ = {isa = PBXFileReference; lastKnownFileType = text.plist.xml; path = Info.plist; sourceTree = "<group>"; };
		31508B1325E44A77007F4CC0 /* Tests macOS.xctest */ = {isa = PBXFileReference; explicitFileType = wrapper.cfbundle; includeInIndex = 0; path = "Tests macOS.xctest"; sourceTree = BUILT_PRODUCTS_DIR; };
		31508B1725E44A77007F4CC0 /* Tests_macOS.swift */ = {isa = PBXFileReference; lastKnownFileType = sourcecode.swift; path = Tests_macOS.swift; sourceTree = "<group>"; };
		31508B1925E44A77007F4CC0 /* Info.plist */ = {isa = PBXFileReference; lastKnownFileType = text.plist.xml; path = Info.plist; sourceTree = "<group>"; };
		31508B3725E44E2D007F4CC0 /* KeyPadButton.swift */ = {isa = PBXFileReference; lastKnownFileType = sourcecode.swift; path = KeyPadButton.swift; sourceTree = "<group>"; };
		31508B3F25E4541A007F4CC0 /* Extension.swift */ = {isa = PBXFileReference; lastKnownFileType = sourcecode.swift; path = Extension.swift; sourceTree = "<group>"; };
		31508B4625E46380007F4CC0 /* KeyPadRow.swift */ = {isa = PBXFileReference; lastKnownFileType = sourcecode.swift; path = KeyPadRow.swift; sourceTree = "<group>"; };
		31508B4D25E465FE007F4CC0 /* KeyPad.swift */ = {isa = PBXFileReference; lastKnownFileType = sourcecode.swift; path = KeyPad.swift; sourceTree = "<group>"; };
		3173607D26909DB800EB4E55 /* LoadingState.swift */ = {isa = PBXFileReference; lastKnownFileType = sourcecode.swift; path = LoadingState.swift; sourceTree = "<group>"; };
		318DE0BB26807C71003EEFF7 /* CurrencybuttonChartView.swift */ = {isa = PBXFileReference; lastKnownFileType = sourcecode.swift; path = CurrencybuttonChartView.swift; sourceTree = "<group>"; };
		319A6B082681029200EAD5BC /* CurrencyListView.swift */ = {isa = PBXFileReference; lastKnownFileType = sourcecode.swift; path = CurrencyListView.swift; sourceTree = "<group>"; };
		319A6B0B2681071B00EAD5BC /* CurrencyListViewModel.swift */ = {isa = PBXFileReference; lastKnownFileType = sourcecode.swift; path = CurrencyListViewModel.swift; sourceTree = "<group>"; };
		319A6B0E2681073700EAD5BC /* Symbol.swift */ = {isa = PBXFileReference; lastKnownFileType = sourcecode.swift; path = Symbol.swift; sourceTree = "<group>"; };
		319B69A125E5D8FC00750791 /* xaalis-wecce.entitlements */ = {isa = PBXFileReference; lastKnownFileType = text.plist.entitlements; path = "xaalis-wecce.entitlements"; sourceTree = "<group>"; };
		31ABF68C268CC02000059AD1 /* Request.swift */ = {isa = PBXFileReference; lastKnownFileType = sourcecode.swift; path = Request.swift; sourceTree = "<group>"; };
		31ABF68E268CC04A00059AD1 /* NetworkDispatcher.swift */ = {isa = PBXFileReference; lastKnownFileType = sourcecode.swift; path = NetworkDispatcher.swift; sourceTree = "<group>"; };
		31ABF690268CC07E00059AD1 /* ApiClient.swift */ = {isa = PBXFileReference; lastKnownFileType = sourcecode.swift; path = ApiClient.swift; sourceTree = "<group>"; };
		31ABF694268CC17E00059AD1 /* CurrencyRequest.swift */ = {isa = PBXFileReference; lastKnownFileType = sourcecode.swift; path = CurrencyRequest.swift; sourceTree = "<group>"; };
		31ABF696268CC36600059AD1 /* Constant.swift */ = {isa = PBXFileReference; lastKnownFileType = sourcecode.swift; path = Constant.swift; sourceTree = "<group>"; };
		31ABF699268CC5A200059AD1 /* CurrencyRemoteDataSource.swift */ = {isa = PBXFileReference; lastKnownFileType = sourcecode.swift; path = CurrencyRemoteDataSource.swift; sourceTree = "<group>"; };
		31ABF69B268CC5E400059AD1 /* CurrencyEndpoint.swift */ = {isa = PBXFileReference; lastKnownFileType = sourcecode.swift; path = CurrencyEndpoint.swift; sourceTree = "<group>"; };
		31ABF6A5268CD2D300059AD1 /* XaalissCurrencyConverterView.swift */ = {isa = PBXFileReference; lastKnownFileType = sourcecode.swift; path = XaalissCurrencyConverterView.swift; sourceTree = "<group>"; };
		31ABF6A8268CD45000059AD1 /* Xaaliss.xcdatamodel */ = {isa = PBXFileReference; lastKnownFileType = wrapper.xcdatamodel; path = Xaaliss.xcdatamodel; sourceTree = "<group>"; };
		31ABF6AB268CD47800059AD1 /* PersistenceController.swift */ = {isa = PBXFileReference; lastKnownFileType = sourcecode.swift; path = PersistenceController.swift; sourceTree = "<group>"; };
		31ABF6AE268CD49B00059AD1 /* DBHelper.swift */ = {isa = PBXFileReference; lastKnownFileType = sourcecode.swift; path = DBHelper.swift; sourceTree = "<group>"; };
		31ABF6B1268CD4BA00059AD1 /* CoreDataHelper.swift */ = {isa = PBXFileReference; lastKnownFileType = sourcecode.swift; path = CoreDataHelper.swift; sourceTree = "<group>"; };
		31ABF6BE268D102700059AD1 /* CountryRequest.swift */ = {isa = PBXFileReference; lastKnownFileType = sourcecode.swift; path = CountryRequest.swift; sourceTree = "<group>"; };
		31ABF6C1268D106100059AD1 /* CountryEndpoint.swift */ = {isa = PBXFileReference; lastKnownFileType = sourcecode.swift; path = CountryEndpoint.swift; sourceTree = "<group>"; };
		31ABF6C5268D10E900059AD1 /* CurrencyListRemoteDataSource.swift */ = {isa = PBXFileReference; lastKnownFileType = sourcecode.swift; path = CurrencyListRemoteDataSource.swift; sourceTree = "<group>"; };
		31E0AD02268DF24400168256 /* CurrencyLocalDataSource.swift */ = {isa = PBXFileReference; lastKnownFileType = sourcecode.swift; path = CurrencyLocalDataSource.swift; sourceTree = "<group>"; };
		31E0AD07268E59AC00168256 /* OnboardingView.swift */ = {isa = PBXFileReference; lastKnownFileType = sourcecode.swift; path = OnboardingView.swift; sourceTree = "<group>"; };
		31E0AD0A268E5A6400168256 /* OnboardingLaunchView.swift */ = {isa = PBXFileReference; lastKnownFileType = sourcecode.swift; path = OnboardingLaunchView.swift; sourceTree = "<group>"; };
		31E834D825E5BBC2007B3BCF /* Currency.swift */ = {isa = PBXFileReference; lastKnownFileType = sourcecode.swift; path = Currency.swift; sourceTree = "<group>"; };
		31ED3F9B2683ADF000738DBE /* CurrencyRow.swift */ = {isa = PBXFileReference; lastKnownFileType = sourcecode.swift; path = CurrencyRow.swift; sourceTree = "<group>"; };
		31ED3F9E2683B2CB00738DBE /* Country.swift */ = {isa = PBXFileReference; lastKnownFileType = sourcecode.swift; path = Country.swift; sourceTree = "<group>"; };
		31F1970225E6F92A005A15EB /* CurrencyButtonView.swift */ = {isa = PBXFileReference; lastKnownFileType = sourcecode.swift; path = CurrencyButtonView.swift; sourceTree = "<group>"; };
/* End PBXFileReference section */

/* Begin PBXFrameworksBuildPhase section */
		31508AF525E44A77007F4CC0 /* Frameworks */ = {
			isa = PBXFrameworksBuildPhase;
			buildActionMask = 2147483647;
			files = (
			);
			runOnlyForDeploymentPostprocessing = 0;
		};
		31508AFD25E44A77007F4CC0 /* Frameworks */ = {
			isa = PBXFrameworksBuildPhase;
			buildActionMask = 2147483647;
			files = (
			);
			runOnlyForDeploymentPostprocessing = 0;
		};
		31508B0525E44A77007F4CC0 /* Frameworks */ = {
			isa = PBXFrameworksBuildPhase;
			buildActionMask = 2147483647;
			files = (
			);
			runOnlyForDeploymentPostprocessing = 0;
		};
		31508B1025E44A77007F4CC0 /* Frameworks */ = {
			isa = PBXFrameworksBuildPhase;
			buildActionMask = 2147483647;
			files = (
			);
			runOnlyForDeploymentPostprocessing = 0;
		};
/* End PBXFrameworksBuildPhase section */

/* Begin PBXGroup section */
		3110422725E7DF9F00BEEA70 /* Domain */ = {
			isa = PBXGroup;
			children = (
				31E834D725E5BB89007B3BCF /* Entity */,
			);
			path = Domain;
			sourceTree = "<group>";
		};
		3110422825E7DFB700BEEA70 /* Data */ = {
			isa = PBXGroup;
			children = (
			);
			path = Data;
			sourceTree = "<group>";
		};
		3110422925E7DFC400BEEA70 /* Models */ = {
			isa = PBXGroup;
			children = (
				31ABF694268CC17E00059AD1 /* CurrencyRequest.swift */,
				31ABF69B268CC5E400059AD1 /* CurrencyEndpoint.swift */,
			);
			path = Models;
			sourceTree = "<group>";
		};
		312C8D8C25E6F3E100C5D4E8 /* Presentation */ = {
			isa = PBXGroup;
			children = (
				31508B3625E44DC0007F4CC0 /* UI */,
				312C8D9425E6F60200C5D4E8 /* View */,
				312C8D8D25E6F3E900C5D4E8 /* ViewModel */,
			);
			path = Presentation;
			sourceTree = "<group>";
		};
		312C8D8D25E6F3E900C5D4E8 /* ViewModel */ = {
			isa = PBXGroup;
			children = (
			);
			path = ViewModel;
			sourceTree = "<group>";
		};
		312C8D9425E6F60200C5D4E8 /* View */ = {
			isa = PBXGroup;
			children = (
				318DE0BB26807C71003EEFF7 /* CurrencybuttonChartView.swift */,
			);
			path = View;
			sourceTree = "<group>";
		};
		31508AEB25E44A74007F4CC0 = {
			isa = PBXGroup;
			children = (
				319B69A125E5D8FC00750791 /* xaalis-wecce.entitlements */,
				31508AF025E44A74007F4CC0 /* Shared */,
				31508AFA25E44A77007F4CC0 /* iOS */,
				31508B0125E44A77007F4CC0 /* macOS */,
				31508B0B25E44A77007F4CC0 /* Tests iOS */,
				31508B1625E44A77007F4CC0 /* Tests macOS */,
				31508AF925E44A77007F4CC0 /* Products */,
			);
			sourceTree = "<group>";
		};
		31508AF025E44A74007F4CC0 /* Shared */ = {
			isa = PBXGroup;
			children = (
				31ABF69D268CD10800059AD1 /* Feature */,
				31ABF68A268CBFEE00059AD1 /* Core */,
				3110422825E7DFB700BEEA70 /* Data */,
				3110422725E7DF9F00BEEA70 /* Domain */,
				312C8D8C25E6F3E100C5D4E8 /* Presentation */,
				31508B3E25E453FB007F4CC0 /* Extension */,
				31508AF125E44A74007F4CC0 /* xaalis_wecceApp.swift */,
				31508AF225E44A74007F4CC0 /* ContentView.swift */,
				31508AF325E44A77007F4CC0 /* Assets.xcassets */,
			);
			path = Shared;
			sourceTree = "<group>";
		};
		31508AF925E44A77007F4CC0 /* Products */ = {
			isa = PBXGroup;
			children = (
				31508AF825E44A77007F4CC0 /* xaalis-wecce.app */,
				31508B0025E44A77007F4CC0 /* xaalis-wecce.app */,
				31508B0825E44A77007F4CC0 /* Tests iOS.xctest */,
				31508B1325E44A77007F4CC0 /* Tests macOS.xctest */,
			);
			name = Products;
			sourceTree = "<group>";
		};
		31508AFA25E44A77007F4CC0 /* iOS */ = {
			isa = PBXGroup;
			children = (
				31508AFB25E44A77007F4CC0 /* Info.plist */,
			);
			path = iOS;
			sourceTree = "<group>";
		};
		31508B0125E44A77007F4CC0 /* macOS */ = {
			isa = PBXGroup;
			children = (
				31508B0225E44A77007F4CC0 /* Info.plist */,
				31508B0325E44A77007F4CC0 /* macOS.entitlements */,
			);
			path = macOS;
			sourceTree = "<group>";
		};
		31508B0B25E44A77007F4CC0 /* Tests iOS */ = {
			isa = PBXGroup;
			children = (
				31508B0C25E44A77007F4CC0 /* Tests_iOS.swift */,
				31508B0E25E44A77007F4CC0 /* Info.plist */,
			);
			path = "Tests iOS";
			sourceTree = "<group>";
		};
		31508B1625E44A77007F4CC0 /* Tests macOS */ = {
			isa = PBXGroup;
			children = (
				31508B1725E44A77007F4CC0 /* Tests_macOS.swift */,
				31508B1925E44A77007F4CC0 /* Info.plist */,
			);
			path = "Tests macOS";
			sourceTree = "<group>";
		};
		31508B3625E44DC0007F4CC0 /* UI */ = {
			isa = PBXGroup;
			children = (
				31508B3725E44E2D007F4CC0 /* KeyPadButton.swift */,
				31508B4625E46380007F4CC0 /* KeyPadRow.swift */,
				31508B4D25E465FE007F4CC0 /* KeyPad.swift */,
			);
			path = UI;
			sourceTree = "<group>";
		};
		31508B3E25E453FB007F4CC0 /* Extension */ = {
			isa = PBXGroup;
			children = (
				31508B3F25E4541A007F4CC0 /* Extension.swift */,
				3173607D26909DB800EB4E55 /* LoadingState.swift */,
			);
			path = Extension;
			sourceTree = "<group>";
		};
		31ABF68A268CBFEE00059AD1 /* Core */ = {
			isa = PBXGroup;
			children = (
				31ABF692268CC09C00059AD1 /* LocalStorage */,
				31ABF68B268CBFF500059AD1 /* Networking */,
			);
			path = Core;
			sourceTree = "<group>";
		};
		31ABF68B268CBFF500059AD1 /* Networking */ = {
			isa = PBXGroup;
			children = (
				31ABF68C268CC02000059AD1 /* Request.swift */,
				31ABF68E268CC04A00059AD1 /* NetworkDispatcher.swift */,
				31ABF690268CC07E00059AD1 /* ApiClient.swift */,
				31ABF696268CC36600059AD1 /* Constant.swift */,
			);
			path = Networking;
			sourceTree = "<group>";
		};
		31ABF692268CC09C00059AD1 /* LocalStorage */ = {
			isa = PBXGroup;
			children = (
				31ABF6A7268CD45000059AD1 /* Xaaliss.xcdatamodeld */,
				31ABF6AB268CD47800059AD1 /* PersistenceController.swift */,
				31ABF6AE268CD49B00059AD1 /* DBHelper.swift */,
				31ABF6B1268CD4BA00059AD1 /* CoreDataHelper.swift */,
			);
			path = LocalStorage;
			sourceTree = "<group>";
		};
		31ABF698268CC58500059AD1 /* Data Source */ = {
			isa = PBXGroup;
			children = (
				31E0AD02268DF24400168256 /* CurrencyLocalDataSource.swift */,
				31ABF699268CC5A200059AD1 /* CurrencyRemoteDataSource.swift */,
			);
			path = "Data Source";
			sourceTree = "<group>";
		};
		31ABF69D268CD10800059AD1 /* Feature */ = {
			isa = PBXGroup;
			children = (
				31E0AD05268E598B00168256 /* Onboarding */,
				31ABF6B4268CD4FF00059AD1 /* Country */,
				31ABF69E268CD11500059AD1 /* XaalissCurrency */,
			);
			path = Feature;
			sourceTree = "<group>";
		};
		31ABF69E268CD11500059AD1 /* XaalissCurrency */ = {
			isa = PBXGroup;
			children = (
				31ABF6A1268CD13000059AD1 /* Presentation */,
				31ABF6A0268CD12900059AD1 /* Data */,
				31ABF69F268CD12100059AD1 /* Domain */,
			);
			path = XaalissCurrency;
			sourceTree = "<group>";
		};
		31ABF69F268CD12100059AD1 /* Domain */ = {
			isa = PBXGroup;
			children = (
				31ABF6A2268CD17D00059AD1 /* Entities */,
			);
			path = Domain;
			sourceTree = "<group>";
		};
		31ABF6A0268CD12900059AD1 /* Data */ = {
			isa = PBXGroup;
			children = (
				3110422925E7DFC400BEEA70 /* Models */,
				31ABF698268CC58500059AD1 /* Data Source */,
			);
			path = Data;
			sourceTree = "<group>";
		};
		31ABF6A1268CD13000059AD1 /* Presentation */ = {
			isa = PBXGroup;
			children = (
				31ABF6A4268CD1B000059AD1 /* View */,
				31ABF6A3268CD19600059AD1 /* ViewModel */,
			);
			path = Presentation;
			sourceTree = "<group>";
		};
		31ABF6A2268CD17D00059AD1 /* Entities */ = {
			isa = PBXGroup;
			children = (
				31E834D825E5BBC2007B3BCF /* Currency.swift */,
			);
			path = Entities;
			sourceTree = "<group>";
		};
		31ABF6A3268CD19600059AD1 /* ViewModel */ = {
			isa = PBXGroup;
			children = (
				312C8D8E25E6F40400C5D4E8 /* XaalisWecceViewModel.swift */,
			);
			path = ViewModel;
			sourceTree = "<group>";
		};
		31ABF6A4268CD1B000059AD1 /* View */ = {
			isa = PBXGroup;
			children = (
				31F1970225E6F92A005A15EB /* CurrencyButtonView.swift */,
				31ABF6A5268CD2D300059AD1 /* XaalissCurrencyConverterView.swift */,
			);
			path = View;
			sourceTree = "<group>";
		};
		31ABF6B4268CD4FF00059AD1 /* Country */ = {
			isa = PBXGroup;
			children = (
				31ABF6B8268CD53600059AD1 /* Presentation */,
				31ABF6B7268CD52000059AD1 /* Data */,
				31ABF6B5268CD50600059AD1 /* Domain */,
			);
			path = Country;
			sourceTree = "<group>";
		};
		31ABF6B5268CD50600059AD1 /* Domain */ = {
			isa = PBXGroup;
			children = (
				31ABF6B6268CD51200059AD1 /* Entity */,
			);
			path = Domain;
			sourceTree = "<group>";
		};
		31ABF6B6268CD51200059AD1 /* Entity */ = {
			isa = PBXGroup;
			children = (
				31ED3F9E2683B2CB00738DBE /* Country.swift */,
			);
			path = Entity;
			sourceTree = "<group>";
		};
		31ABF6B7268CD52000059AD1 /* Data */ = {
			isa = PBXGroup;
			children = (
				31ABF6C4268D10CC00059AD1 /* Data Source */,
				31ABF6BD268D0FFE00059AD1 /* Models */,
			);
			path = Data;
			sourceTree = "<group>";
		};
		31ABF6B8268CD53600059AD1 /* Presentation */ = {
			isa = PBXGroup;
			children = (
				31ABF6BA268CD61400059AD1 /* View */,
				31ABF6B9268CD5E600059AD1 /* ViewModel */,
			);
			path = Presentation;
			sourceTree = "<group>";
		};
		31ABF6B9268CD5E600059AD1 /* ViewModel */ = {
			isa = PBXGroup;
			children = (
				319A6B0B2681071B00EAD5BC /* CurrencyListViewModel.swift */,
			);
			path = ViewModel;
			sourceTree = "<group>";
		};
		31ABF6BA268CD61400059AD1 /* View */ = {
			isa = PBXGroup;
			children = (
				319A6B082681029200EAD5BC /* CurrencyListView.swift */,
				31ED3F9B2683ADF000738DBE /* CurrencyRow.swift */,
			);
			path = View;
			sourceTree = "<group>";
		};
		31ABF6BD268D0FFE00059AD1 /* Models */ = {
			isa = PBXGroup;
			children = (
				31ABF6BE268D102700059AD1 /* CountryRequest.swift */,
				31ABF6C1268D106100059AD1 /* CountryEndpoint.swift */,
			);
			path = Models;
			sourceTree = "<group>";
		};
		31ABF6C4268D10CC00059AD1 /* Data Source */ = {
			isa = PBXGroup;
			children = (
				31ABF6C5268D10E900059AD1 /* CurrencyListRemoteDataSource.swift */,
			);
			path = "Data Source";
			sourceTree = "<group>";
		};
		31E0AD05268E598B00168256 /* Onboarding */ = {
			isa = PBXGroup;
			children = (
				31E0AD06268E599600168256 /* View */,
			);
			path = Onboarding;
			sourceTree = "<group>";
		};
		31E0AD06268E599600168256 /* View */ = {
			isa = PBXGroup;
			children = (
				31E0AD07268E59AC00168256 /* OnboardingView.swift */,
				31E0AD0A268E5A6400168256 /* OnboardingLaunchView.swift */,
			);
			path = View;
			sourceTree = "<group>";
		};
		31E834D725E5BB89007B3BCF /* Entity */ = {
			isa = PBXGroup;
			children = (
				319A6B0E2681073700EAD5BC /* Symbol.swift */,
			);
			path = Entity;
			sourceTree = "<group>";
		};
/* End PBXGroup section */

/* Begin PBXNativeTarget section */
		31508AF725E44A77007F4CC0 /* xaalis-wecce (iOS) */ = {
			isa = PBXNativeTarget;
			buildConfigurationList = 31508B2225E44A77007F4CC0 /* Build configuration list for PBXNativeTarget "xaalis-wecce (iOS)" */;
			buildPhases = (
				31508AF425E44A77007F4CC0 /* Sources */,
				31508AF525E44A77007F4CC0 /* Frameworks */,
				31508AF625E44A77007F4CC0 /* Resources */,
				31ABF6BC268CE4A900059AD1 /* ShellScript */,
			);
			buildRules = (
			);
			dependencies = (
			);
			name = "xaalis-wecce (iOS)";
			productName = "xaalis-wecce (iOS)";
			productReference = 31508AF825E44A77007F4CC0 /* xaalis-wecce.app */;
			productType = "com.apple.product-type.application";
		};
		31508AFF25E44A77007F4CC0 /* xaalis-wecce (macOS) */ = {
			isa = PBXNativeTarget;
			buildConfigurationList = 31508B2525E44A77007F4CC0 /* Build configuration list for PBXNativeTarget "xaalis-wecce (macOS)" */;
			buildPhases = (
				31508AFC25E44A77007F4CC0 /* Sources */,
				31508AFD25E44A77007F4CC0 /* Frameworks */,
				31508AFE25E44A77007F4CC0 /* Resources */,
			);
			buildRules = (
			);
			dependencies = (
			);
			name = "xaalis-wecce (macOS)";
			productName = "xaalis-wecce (macOS)";
			productReference = 31508B0025E44A77007F4CC0 /* xaalis-wecce.app */;
			productType = "com.apple.product-type.application";
		};
		31508B0725E44A77007F4CC0 /* Tests iOS */ = {
			isa = PBXNativeTarget;
			buildConfigurationList = 31508B2825E44A77007F4CC0 /* Build configuration list for PBXNativeTarget "Tests iOS" */;
			buildPhases = (
				31508B0425E44A77007F4CC0 /* Sources */,
				31508B0525E44A77007F4CC0 /* Frameworks */,
				31508B0625E44A77007F4CC0 /* Resources */,
			);
			buildRules = (
			);
			dependencies = (
				31508B0A25E44A77007F4CC0 /* PBXTargetDependency */,
			);
			name = "Tests iOS";
			productName = "Tests iOS";
			productReference = 31508B0825E44A77007F4CC0 /* Tests iOS.xctest */;
			productType = "com.apple.product-type.bundle.ui-testing";
		};
		31508B1225E44A77007F4CC0 /* Tests macOS */ = {
			isa = PBXNativeTarget;
			buildConfigurationList = 31508B2B25E44A77007F4CC0 /* Build configuration list for PBXNativeTarget "Tests macOS" */;
			buildPhases = (
				31508B0F25E44A77007F4CC0 /* Sources */,
				31508B1025E44A77007F4CC0 /* Frameworks */,
				31508B1125E44A77007F4CC0 /* Resources */,
			);
			buildRules = (
			);
			dependencies = (
				31508B1525E44A77007F4CC0 /* PBXTargetDependency */,
			);
			name = "Tests macOS";
			productName = "Tests macOS";
			productReference = 31508B1325E44A77007F4CC0 /* Tests macOS.xctest */;
			productType = "com.apple.product-type.bundle.ui-testing";
		};
/* End PBXNativeTarget section */

/* Begin PBXProject section */
		31508AEC25E44A74007F4CC0 /* Project object */ = {
			isa = PBXProject;
			attributes = {
				LastSwiftUpdateCheck = 1240;
				LastUpgradeCheck = 1240;
				TargetAttributes = {
					31508AF725E44A77007F4CC0 = {
						CreatedOnToolsVersion = 12.4;
					};
					31508AFF25E44A77007F4CC0 = {
						CreatedOnToolsVersion = 12.4;
					};
					31508B0725E44A77007F4CC0 = {
						CreatedOnToolsVersion = 12.4;
						TestTargetID = 31508AF725E44A77007F4CC0;
					};
					31508B1225E44A77007F4CC0 = {
						CreatedOnToolsVersion = 12.4;
						TestTargetID = 31508AFF25E44A77007F4CC0;
					};
				};
			};
			buildConfigurationList = 31508AEF25E44A74007F4CC0 /* Build configuration list for PBXProject "xaalis-wecce" */;
			compatibilityVersion = "Xcode 9.3";
			developmentRegion = en;
			hasScannedForEncodings = 0;
			knownRegions = (
				en,
				Base,
			);
			mainGroup = 31508AEB25E44A74007F4CC0;
			productRefGroup = 31508AF925E44A77007F4CC0 /* Products */;
			projectDirPath = "";
			projectRoot = "";
			targets = (
				31508AF725E44A77007F4CC0 /* xaalis-wecce (iOS) */,
				31508AFF25E44A77007F4CC0 /* xaalis-wecce (macOS) */,
				31508B0725E44A77007F4CC0 /* Tests iOS */,
				31508B1225E44A77007F4CC0 /* Tests macOS */,
			);
		};
/* End PBXProject section */

/* Begin PBXResourcesBuildPhase section */
		31508AF625E44A77007F4CC0 /* Resources */ = {
			isa = PBXResourcesBuildPhase;
			buildActionMask = 2147483647;
			files = (
				31508B1E25E44A77007F4CC0 /* Assets.xcassets in Resources */,
			);
			runOnlyForDeploymentPostprocessing = 0;
		};
		31508AFE25E44A77007F4CC0 /* Resources */ = {
			isa = PBXResourcesBuildPhase;
			buildActionMask = 2147483647;
			files = (
				31508B1F25E44A77007F4CC0 /* Assets.xcassets in Resources */,
			);
			runOnlyForDeploymentPostprocessing = 0;
		};
		31508B0625E44A77007F4CC0 /* Resources */ = {
			isa = PBXResourcesBuildPhase;
			buildActionMask = 2147483647;
			files = (
			);
			runOnlyForDeploymentPostprocessing = 0;
		};
		31508B1125E44A77007F4CC0 /* Resources */ = {
			isa = PBXResourcesBuildPhase;
			buildActionMask = 2147483647;
			files = (
			);
			runOnlyForDeploymentPostprocessing = 0;
		};
/* End PBXResourcesBuildPhase section */

/* Begin PBXShellScriptBuildPhase section */
		31ABF6BC268CE4A900059AD1 /* ShellScript */ = {
			isa = PBXShellScriptBuildPhase;
			buildActionMask = 2147483647;
			files = (
			);
			inputFileListPaths = (
			);
			inputPaths = (
			);
			outputFileListPaths = (
			);
			outputPaths = (
			);
			runOnlyForDeploymentPostprocessing = 0;
			shellPath = /bin/sh;
			shellScript = "# Type a script or drag a script file from your workspace to insert its path.\nif which swiftlint >/dev/null; then\n  swiftlint\nelse\n  echo \"warning: SwiftLint not installed, download from https://github.com/realm/SwiftLint\"\nfi\n";
		};
/* End PBXShellScriptBuildPhase section */

/* Begin PBXSourcesBuildPhase section */
		31508AF425E44A77007F4CC0 /* Sources */ = {
			isa = PBXSourcesBuildPhase;
			buildActionMask = 2147483647;
			files = (
				31ABF68F268CC04A00059AD1 /* NetworkDispatcher.swift in Sources */,
				31508B4725E46380007F4CC0 /* KeyPadRow.swift in Sources */,
				31ABF6B2268CD4BA00059AD1 /* CoreDataHelper.swift in Sources */,
				31508B4E25E465FE007F4CC0 /* KeyPad.swift in Sources */,
				31ABF6AF268CD49B00059AD1 /* DBHelper.swift in Sources */,
				312C8D8F25E6F40400C5D4E8 /* XaalisWecceViewModel.swift in Sources */,
				31ABF6C2268D106100059AD1 /* CountryEndpoint.swift in Sources */,
				31ABF695268CC17E00059AD1 /* CurrencyRequest.swift in Sources */,
				31508B1C25E44A77007F4CC0 /* ContentView.swift in Sources */,
				31ABF6A9268CD45000059AD1 /* Xaaliss.xcdatamodeld in Sources */,
				31ABF697268CC36600059AD1 /* Constant.swift in Sources */,
				31ABF6AC268CD47800059AD1 /* PersistenceController.swift in Sources */,
				318DE0BC26807C71003EEFF7 /* CurrencybuttonChartView.swift in Sources */,
				31E0AD08268E59AD00168256 /* OnboardingView.swift in Sources */,
				31508B3825E44E2D007F4CC0 /* KeyPadButton.swift in Sources */,
				31ABF68D268CC02000059AD1 /* Request.swift in Sources */,
				31ED3F9C2683ADF000738DBE /* CurrencyRow.swift in Sources */,
				31ABF6A6268CD2D300059AD1 /* XaalissCurrencyConverterView.swift in Sources */,
				3173607E26909DB800EB4E55 /* LoadingState.swift in Sources */,
				31ABF69C268CC5E400059AD1 /* CurrencyEndpoint.swift in Sources */,
				31ED3F9F2683B2CB00738DBE /* Country.swift in Sources */,
				319A6B0C2681071B00EAD5BC /* CurrencyListViewModel.swift in Sources */,
				31E0AD03268DF24400168256 /* CurrencyLocalDataSource.swift in Sources */,
				31F1970325E6F92A005A15EB /* CurrencyButtonView.swift in Sources */,
				31ABF6BF268D102700059AD1 /* CountryRequest.swift in Sources */,
				319A6B092681029200EAD5BC /* CurrencyListView.swift in Sources */,
				31508B1A25E44A77007F4CC0 /* xaalis_wecceApp.swift in Sources */,
				31E0AD0B268E5A6400168256 /* OnboardingLaunchView.swift in Sources */,
				319A6B0F2681073800EAD5BC /* Symbol.swift in Sources */,
				31E834D925E5BBC2007B3BCF /* Currency.swift in Sources */,
				31508B4025E4541A007F4CC0 /* Extension.swift in Sources */,
				31ABF691268CC07E00059AD1 /* ApiClient.swift in Sources */,
				31ABF6C6268D10E900059AD1 /* CurrencyListRemoteDataSource.swift in Sources */,
				31ABF69A268CC5A200059AD1 /* CurrencyRemoteDataSource.swift in Sources */,
			);
			runOnlyForDeploymentPostprocessing = 0;
		};
		31508AFC25E44A77007F4CC0 /* Sources */ = {
			isa = PBXSourcesBuildPhase;
			buildActionMask = 2147483647;
			files = (
				31508B4825E46380007F4CC0 /* KeyPadRow.swift in Sources */,
				31ABF6C7268D10E900059AD1 /* CurrencyListRemoteDataSource.swift in Sources */,
				31508B4F25E465FE007F4CC0 /* KeyPad.swift in Sources */,
				31ABF6B3268CD4BA00059AD1 /* CoreDataHelper.swift in Sources */,
				31D1DA8125EECC7000B484CB /* XaalisWecceViewModel.swift in Sources */,
				31508B1D25E44A77007F4CC0 /* ContentView.swift in Sources */,
				318DE0BD26807C71003EEFF7 /* CurrencybuttonChartView.swift in Sources */,
				31D1DA8625EECC7400B484CB /* CurrencyButtonView.swift in Sources */,
				31ABF6C0268D102700059AD1 /* CountryRequest.swift in Sources */,
				31ABF6B0268CD49B00059AD1 /* DBHelper.swift in Sources */,
				31ED3F9D2683ADF000738DBE /* CurrencyRow.swift in Sources */,
				31ED3FA02683B2CB00738DBE /* Country.swift in Sources */,
				319A6B0D2681071B00EAD5BC /* CurrencyListViewModel.swift in Sources */,
				31508B3925E44E2D007F4CC0 /* KeyPadButton.swift in Sources */,
				31E0AD0C268E5A6400168256 /* OnboardingLaunchView.swift in Sources */,
				319A6B0A2681029200EAD5BC /* CurrencyListView.swift in Sources */,
				31ABF6AD268CD47800059AD1 /* PersistenceController.swift in Sources */,
				31508B1B25E44A77007F4CC0 /* xaalis_wecceApp.swift in Sources */,
				319A6B102681073800EAD5BC /* Symbol.swift in Sources */,
				31E834DA25E5BBC2007B3BCF /* Currency.swift in Sources */,
				31ABF6C3268D106100059AD1 /* CountryEndpoint.swift in Sources */,
				31508B4125E4541A007F4CC0 /* Extension.swift in Sources */,
				3173607F26909DB800EB4E55 /* LoadingState.swift in Sources */,
				31E0AD09268E59AD00168256 /* OnboardingView.swift in Sources */,
				31ABF6AA268CD45000059AD1 /* Xaaliss.xcdatamodeld in Sources */,
			);
			runOnlyForDeploymentPostprocessing = 0;
		};
		31508B0425E44A77007F4CC0 /* Sources */ = {
			isa = PBXSourcesBuildPhase;
			buildActionMask = 2147483647;
			files = (
				31508B0D25E44A77007F4CC0 /* Tests_iOS.swift in Sources */,
			);
			runOnlyForDeploymentPostprocessing = 0;
		};
		31508B0F25E44A77007F4CC0 /* Sources */ = {
			isa = PBXSourcesBuildPhase;
			buildActionMask = 2147483647;
			files = (
				31508B1825E44A77007F4CC0 /* Tests_macOS.swift in Sources */,
			);
			runOnlyForDeploymentPostprocessing = 0;
		};
/* End PBXSourcesBuildPhase section */

/* Begin PBXTargetDependency section */
		31508B0A25E44A77007F4CC0 /* PBXTargetDependency */ = {
			isa = PBXTargetDependency;
			target = 31508AF725E44A77007F4CC0 /* xaalis-wecce (iOS) */;
			targetProxy = 31508B0925E44A77007F4CC0 /* PBXContainerItemProxy */;
		};
		31508B1525E44A77007F4CC0 /* PBXTargetDependency */ = {
			isa = PBXTargetDependency;
			target = 31508AFF25E44A77007F4CC0 /* xaalis-wecce (macOS) */;
			targetProxy = 31508B1425E44A77007F4CC0 /* PBXContainerItemProxy */;
		};
/* End PBXTargetDependency section */

/* Begin XCBuildConfiguration section */
		31508B2025E44A77007F4CC0 /* Debug */ = {
			isa = XCBuildConfiguration;
			buildSettings = {
				ALWAYS_SEARCH_USER_PATHS = NO;
				CLANG_ANALYZER_NONNULL = YES;
				CLANG_ANALYZER_NUMBER_OBJECT_CONVERSION = YES_AGGRESSIVE;
				CLANG_CXX_LANGUAGE_STANDARD = "gnu++14";
				CLANG_CXX_LIBRARY = "libc++";
				CLANG_ENABLE_MODULES = YES;
				CLANG_ENABLE_OBJC_ARC = YES;
				CLANG_ENABLE_OBJC_WEAK = YES;
				CLANG_WARN_BLOCK_CAPTURE_AUTORELEASING = YES;
				CLANG_WARN_BOOL_CONVERSION = YES;
				CLANG_WARN_COMMA = YES;
				CLANG_WARN_CONSTANT_CONVERSION = YES;
				CLANG_WARN_DEPRECATED_OBJC_IMPLEMENTATIONS = YES;
				CLANG_WARN_DIRECT_OBJC_ISA_USAGE = YES_ERROR;
				CLANG_WARN_DOCUMENTATION_COMMENTS = YES;
				CLANG_WARN_EMPTY_BODY = YES;
				CLANG_WARN_ENUM_CONVERSION = YES;
				CLANG_WARN_INFINITE_RECURSION = YES;
				CLANG_WARN_INT_CONVERSION = YES;
				CLANG_WARN_NON_LITERAL_NULL_CONVERSION = YES;
				CLANG_WARN_OBJC_IMPLICIT_RETAIN_SELF = YES;
				CLANG_WARN_OBJC_LITERAL_CONVERSION = YES;
				CLANG_WARN_OBJC_ROOT_CLASS = YES_ERROR;
				CLANG_WARN_QUOTED_INCLUDE_IN_FRAMEWORK_HEADER = YES;
				CLANG_WARN_RANGE_LOOP_ANALYSIS = YES;
				CLANG_WARN_STRICT_PROTOTYPES = YES;
				CLANG_WARN_SUSPICIOUS_MOVE = YES;
				CLANG_WARN_UNGUARDED_AVAILABILITY = YES_AGGRESSIVE;
				CLANG_WARN_UNREACHABLE_CODE = YES;
				CLANG_WARN__DUPLICATE_METHOD_MATCH = YES;
				COPY_PHASE_STRIP = NO;
				DEBUG_INFORMATION_FORMAT = dwarf;
				ENABLE_STRICT_OBJC_MSGSEND = YES;
				ENABLE_TESTABILITY = YES;
				GCC_C_LANGUAGE_STANDARD = gnu11;
				GCC_DYNAMIC_NO_PIC = NO;
				GCC_NO_COMMON_BLOCKS = YES;
				GCC_OPTIMIZATION_LEVEL = 0;
				GCC_PREPROCESSOR_DEFINITIONS = (
					"DEBUG=1",
					"$(inherited)",
				);
				GCC_WARN_64_TO_32_BIT_CONVERSION = YES;
				GCC_WARN_ABOUT_RETURN_TYPE = YES_ERROR;
				GCC_WARN_UNDECLARED_SELECTOR = YES;
				GCC_WARN_UNINITIALIZED_AUTOS = YES_AGGRESSIVE;
				GCC_WARN_UNUSED_FUNCTION = YES;
				GCC_WARN_UNUSED_VARIABLE = YES;
				IPHONEOS_DEPLOYMENT_TARGET = 14.1;
				MACOSX_DEPLOYMENT_TARGET = 11.1;
				MTL_ENABLE_DEBUG_INFO = INCLUDE_SOURCE;
				MTL_FAST_MATH = YES;
				ONLY_ACTIVE_ARCH = YES;
				SWIFT_ACTIVE_COMPILATION_CONDITIONS = DEBUG;
				SWIFT_OPTIMIZATION_LEVEL = "-Onone";
			};
			name = Debug;
		};
		31508B2125E44A77007F4CC0 /* Release */ = {
			isa = XCBuildConfiguration;
			buildSettings = {
				ALWAYS_SEARCH_USER_PATHS = NO;
				CLANG_ANALYZER_NONNULL = YES;
				CLANG_ANALYZER_NUMBER_OBJECT_CONVERSION = YES_AGGRESSIVE;
				CLANG_CXX_LANGUAGE_STANDARD = "gnu++14";
				CLANG_CXX_LIBRARY = "libc++";
				CLANG_ENABLE_MODULES = YES;
				CLANG_ENABLE_OBJC_ARC = YES;
				CLANG_ENABLE_OBJC_WEAK = YES;
				CLANG_WARN_BLOCK_CAPTURE_AUTORELEASING = YES;
				CLANG_WARN_BOOL_CONVERSION = YES;
				CLANG_WARN_COMMA = YES;
				CLANG_WARN_CONSTANT_CONVERSION = YES;
				CLANG_WARN_DEPRECATED_OBJC_IMPLEMENTATIONS = YES;
				CLANG_WARN_DIRECT_OBJC_ISA_USAGE = YES_ERROR;
				CLANG_WARN_DOCUMENTATION_COMMENTS = YES;
				CLANG_WARN_EMPTY_BODY = YES;
				CLANG_WARN_ENUM_CONVERSION = YES;
				CLANG_WARN_INFINITE_RECURSION = YES;
				CLANG_WARN_INT_CONVERSION = YES;
				CLANG_WARN_NON_LITERAL_NULL_CONVERSION = YES;
				CLANG_WARN_OBJC_IMPLICIT_RETAIN_SELF = YES;
				CLANG_WARN_OBJC_LITERAL_CONVERSION = YES;
				CLANG_WARN_OBJC_ROOT_CLASS = YES_ERROR;
				CLANG_WARN_QUOTED_INCLUDE_IN_FRAMEWORK_HEADER = YES;
				CLANG_WARN_RANGE_LOOP_ANALYSIS = YES;
				CLANG_WARN_STRICT_PROTOTYPES = YES;
				CLANG_WARN_SUSPICIOUS_MOVE = YES;
				CLANG_WARN_UNGUARDED_AVAILABILITY = YES_AGGRESSIVE;
				CLANG_WARN_UNREACHABLE_CODE = YES;
				CLANG_WARN__DUPLICATE_METHOD_MATCH = YES;
				COPY_PHASE_STRIP = NO;
				DEBUG_INFORMATION_FORMAT = "dwarf-with-dsym";
				ENABLE_NS_ASSERTIONS = NO;
				ENABLE_STRICT_OBJC_MSGSEND = YES;
				GCC_C_LANGUAGE_STANDARD = gnu11;
				GCC_NO_COMMON_BLOCKS = YES;
				GCC_WARN_64_TO_32_BIT_CONVERSION = YES;
				GCC_WARN_ABOUT_RETURN_TYPE = YES_ERROR;
				GCC_WARN_UNDECLARED_SELECTOR = YES;
				GCC_WARN_UNINITIALIZED_AUTOS = YES_AGGRESSIVE;
				GCC_WARN_UNUSED_FUNCTION = YES;
				GCC_WARN_UNUSED_VARIABLE = YES;
				IPHONEOS_DEPLOYMENT_TARGET = 14.1;
				MACOSX_DEPLOYMENT_TARGET = 11.1;
				MTL_ENABLE_DEBUG_INFO = NO;
				MTL_FAST_MATH = YES;
				SWIFT_COMPILATION_MODE = wholemodule;
				SWIFT_OPTIMIZATION_LEVEL = "-O";
			};
			name = Release;
		};
		31508B2325E44A77007F4CC0 /* Debug */ = {
			isa = XCBuildConfiguration;
			buildSettings = {
				ASSETCATALOG_COMPILER_APPICON_NAME = AppIcon;
				ASSETCATALOG_COMPILER_GLOBAL_ACCENT_COLOR_NAME = AccentColor;
				CODE_SIGN_ENTITLEMENTS = "xaalis-wecce.entitlements";
				CODE_SIGN_STYLE = Automatic;
				DEVELOPMENT_TEAM = 3PBAGT949Z;
				ENABLE_PREVIEWS = YES;
				INFOPLIST_FILE = iOS/Info.plist;
				IPHONEOS_DEPLOYMENT_TARGET = 15.0;
				LD_RUNPATH_SEARCH_PATHS = (
					"$(inherited)",
					"@executable_path/Frameworks",
				);
				PRODUCT_BUNDLE_IDENTIFIER = "com.mooxalinsky.xaalis-wecce";
				PRODUCT_NAME = "xaalis-wecce";
				SDKROOT = iphoneos;
				SWIFT_VERSION = 5.0;
				TARGETED_DEVICE_FAMILY = "1,2";
			};
			name = Debug;
		};
		31508B2425E44A77007F4CC0 /* Release */ = {
			isa = XCBuildConfiguration;
			buildSettings = {
				ASSETCATALOG_COMPILER_APPICON_NAME = AppIcon;
				ASSETCATALOG_COMPILER_GLOBAL_ACCENT_COLOR_NAME = AccentColor;
				CODE_SIGN_ENTITLEMENTS = "xaalis-wecce.entitlements";
				CODE_SIGN_STYLE = Automatic;
				DEVELOPMENT_TEAM = 3PBAGT949Z;
				ENABLE_PREVIEWS = YES;
				INFOPLIST_FILE = iOS/Info.plist;
				IPHONEOS_DEPLOYMENT_TARGET = 15.0;
				LD_RUNPATH_SEARCH_PATHS = (
					"$(inherited)",
					"@executable_path/Frameworks",
				);
				PRODUCT_BUNDLE_IDENTIFIER = "com.mooxalinsky.xaalis-wecce";
				PRODUCT_NAME = "xaalis-wecce";
				SDKROOT = iphoneos;
				SWIFT_VERSION = 5.0;
				TARGETED_DEVICE_FAMILY = "1,2";
				VALIDATE_PRODUCT = YES;
			};
			name = Release;
		};
		31508B2625E44A77007F4CC0 /* Debug */ = {
			isa = XCBuildConfiguration;
			buildSettings = {
				ASSETCATALOG_COMPILER_APPICON_NAME = AppIcon;
				ASSETCATALOG_COMPILER_GLOBAL_ACCENT_COLOR_NAME = AccentColor;
				CODE_SIGN_ENTITLEMENTS = macOS/macOS.entitlements;
				CODE_SIGN_IDENTITY = "Apple Development";
				CODE_SIGN_STYLE = Automatic;
				COMBINE_HIDPI_IMAGES = YES;
				DEVELOPMENT_TEAM = 3PBAGT949Z;
				ENABLE_HARDENED_RUNTIME = YES;
				ENABLE_PREVIEWS = YES;
				INFOPLIST_FILE = macOS/Info.plist;
				LD_RUNPATH_SEARCH_PATHS = (
					"$(inherited)",
					"@executable_path/../Frameworks",
				);
				MACOSX_DEPLOYMENT_TARGET = 11.0;
				PRODUCT_BUNDLE_IDENTIFIER = "com.mooxalinsky.xaalis-wecce";
				PRODUCT_NAME = "xaalis-wecce";
				SDKROOT = macosx;
				SWIFT_VERSION = 5.0;
			};
			name = Debug;
		};
		31508B2725E44A77007F4CC0 /* Release */ = {
			isa = XCBuildConfiguration;
			buildSettings = {
				ASSETCATALOG_COMPILER_APPICON_NAME = AppIcon;
				ASSETCATALOG_COMPILER_GLOBAL_ACCENT_COLOR_NAME = AccentColor;
				CODE_SIGN_ENTITLEMENTS = macOS/macOS.entitlements;
				CODE_SIGN_IDENTITY = "Apple Development";
				CODE_SIGN_STYLE = Automatic;
				COMBINE_HIDPI_IMAGES = YES;
				DEVELOPMENT_TEAM = 3PBAGT949Z;
				ENABLE_HARDENED_RUNTIME = YES;
				ENABLE_PREVIEWS = YES;
				INFOPLIST_FILE = macOS/Info.plist;
				LD_RUNPATH_SEARCH_PATHS = (
					"$(inherited)",
					"@executable_path/../Frameworks",
				);
				MACOSX_DEPLOYMENT_TARGET = 11.0;
				PRODUCT_BUNDLE_IDENTIFIER = "com.mooxalinsky.xaalis-wecce";
				PRODUCT_NAME = "xaalis-wecce";
				SDKROOT = macosx;
				SWIFT_VERSION = 5.0;
			};
			name = Release;
		};
		31508B2925E44A77007F4CC0 /* Debug */ = {
			isa = XCBuildConfiguration;
			buildSettings = {
				ALWAYS_EMBED_SWIFT_STANDARD_LIBRARIES = YES;
				CODE_SIGN_STYLE = Automatic;
				DEVELOPMENT_TEAM = 3PBAGT949Z;
				INFOPLIST_FILE = "Tests iOS/Info.plist";
				IPHONEOS_DEPLOYMENT_TARGET = 14.4;
				LD_RUNPATH_SEARCH_PATHS = (
					"$(inherited)",
					"@executable_path/Frameworks",
					"@loader_path/Frameworks",
				);
				PRODUCT_BUNDLE_IDENTIFIER = "com.mooxalinsky.Tests-iOS";
				PRODUCT_NAME = "$(TARGET_NAME)";
				SDKROOT = iphoneos;
				SWIFT_VERSION = 5.0;
				TARGETED_DEVICE_FAMILY = "1,2";
				TEST_TARGET_NAME = "xaalis-wecce (iOS)";
			};
			name = Debug;
		};
		31508B2A25E44A77007F4CC0 /* Release */ = {
			isa = XCBuildConfiguration;
			buildSettings = {
				ALWAYS_EMBED_SWIFT_STANDARD_LIBRARIES = YES;
				CODE_SIGN_STYLE = Automatic;
				DEVELOPMENT_TEAM = 3PBAGT949Z;
				INFOPLIST_FILE = "Tests iOS/Info.plist";
				IPHONEOS_DEPLOYMENT_TARGET = 14.4;
				LD_RUNPATH_SEARCH_PATHS = (
					"$(inherited)",
					"@executable_path/Frameworks",
					"@loader_path/Frameworks",
				);
				PRODUCT_BUNDLE_IDENTIFIER = "com.mooxalinsky.Tests-iOS";
				PRODUCT_NAME = "$(TARGET_NAME)";
				SDKROOT = iphoneos;
				SWIFT_VERSION = 5.0;
				TARGETED_DEVICE_FAMILY = "1,2";
				TEST_TARGET_NAME = "xaalis-wecce (iOS)";
				VALIDATE_PRODUCT = YES;
			};
			name = Release;
		};
		31508B2C25E44A77007F4CC0 /* Debug */ = {
			isa = XCBuildConfiguration;
			buildSettings = {
				ALWAYS_EMBED_SWIFT_STANDARD_LIBRARIES = YES;
				CODE_SIGN_STYLE = Automatic;
				COMBINE_HIDPI_IMAGES = YES;
				DEVELOPMENT_TEAM = 3PBAGT949Z;
				INFOPLIST_FILE = "Tests macOS/Info.plist";
				LD_RUNPATH_SEARCH_PATHS = (
					"$(inherited)",
					"@executable_path/../Frameworks",
					"@loader_path/../Frameworks",
				);
				MACOSX_DEPLOYMENT_TARGET = 11.1;
				PRODUCT_BUNDLE_IDENTIFIER = "com.mooxalinsky.Tests-macOS";
				PRODUCT_NAME = "$(TARGET_NAME)";
				SDKROOT = macosx;
				SWIFT_VERSION = 5.0;
				TEST_TARGET_NAME = "xaalis-wecce (macOS)";
			};
			name = Debug;
		};
		31508B2D25E44A77007F4CC0 /* Release */ = {
			isa = XCBuildConfiguration;
			buildSettings = {
				ALWAYS_EMBED_SWIFT_STANDARD_LIBRARIES = YES;
				CODE_SIGN_STYLE = Automatic;
				COMBINE_HIDPI_IMAGES = YES;
				DEVELOPMENT_TEAM = 3PBAGT949Z;
				INFOPLIST_FILE = "Tests macOS/Info.plist";
				LD_RUNPATH_SEARCH_PATHS = (
					"$(inherited)",
					"@executable_path/../Frameworks",
					"@loader_path/../Frameworks",
				);
				MACOSX_DEPLOYMENT_TARGET = 11.1;
				PRODUCT_BUNDLE_IDENTIFIER = "com.mooxalinsky.Tests-macOS";
				PRODUCT_NAME = "$(TARGET_NAME)";
				SDKROOT = macosx;
				SWIFT_VERSION = 5.0;
				TEST_TARGET_NAME = "xaalis-wecce (macOS)";
			};
			name = Release;
		};
/* End XCBuildConfiguration section */

/* Begin XCConfigurationList section */
		31508AEF25E44A74007F4CC0 /* Build configuration list for PBXProject "xaalis-wecce" */ = {
			isa = XCConfigurationList;
			buildConfigurations = (
				31508B2025E44A77007F4CC0 /* Debug */,
				31508B2125E44A77007F4CC0 /* Release */,
			);
			defaultConfigurationIsVisible = 0;
			defaultConfigurationName = Release;
		};
		31508B2225E44A77007F4CC0 /* Build configuration list for PBXNativeTarget "xaalis-wecce (iOS)" */ = {
			isa = XCConfigurationList;
			buildConfigurations = (
				31508B2325E44A77007F4CC0 /* Debug */,
				31508B2425E44A77007F4CC0 /* Release */,
			);
			defaultConfigurationIsVisible = 0;
			defaultConfigurationName = Release;
		};
		31508B2525E44A77007F4CC0 /* Build configuration list for PBXNativeTarget "xaalis-wecce (macOS)" */ = {
			isa = XCConfigurationList;
			buildConfigurations = (
				31508B2625E44A77007F4CC0 /* Debug */,
				31508B2725E44A77007F4CC0 /* Release */,
			);
			defaultConfigurationIsVisible = 0;
			defaultConfigurationName = Release;
		};
		31508B2825E44A77007F4CC0 /* Build configuration list for PBXNativeTarget "Tests iOS" */ = {
			isa = XCConfigurationList;
			buildConfigurations = (
				31508B2925E44A77007F4CC0 /* Debug */,
				31508B2A25E44A77007F4CC0 /* Release */,
			);
			defaultConfigurationIsVisible = 0;
			defaultConfigurationName = Release;
		};
		31508B2B25E44A77007F4CC0 /* Build configuration list for PBXNativeTarget "Tests macOS" */ = {
			isa = XCConfigurationList;
			buildConfigurations = (
				31508B2C25E44A77007F4CC0 /* Debug */,
				31508B2D25E44A77007F4CC0 /* Release */,
			);
			defaultConfigurationIsVisible = 0;
			defaultConfigurationName = Release;
		};
/* End XCConfigurationList section */

/* Begin XCVersionGroup section */
		31ABF6A7268CD45000059AD1 /* Xaaliss.xcdatamodeld */ = {
			isa = XCVersionGroup;
			children = (
				31ABF6A8268CD45000059AD1 /* Xaaliss.xcdatamodel */,
			);
			currentVersion = 31ABF6A8268CD45000059AD1 /* Xaaliss.xcdatamodel */;
			path = Xaaliss.xcdatamodeld;
			sourceTree = "<group>";
			versionGroupType = wrapper.xcdatamodel;
		};
/* End XCVersionGroup section */
	};
	rootObject = 31508AEC25E44A74007F4CC0 /* Project object */;
}
